// !$*UTF8*$!
{
	archiveVersion = 1;
	classes = {
	};
	objectVersion = 56;
	objects = {

/* Begin PBXBuildFile section */
		3D3C10EF291D112500EBAEE5 /* AppDelegate.swift in Sources */ = {isa = PBXBuildFile; fileRef = 3D3C10EE291D112500EBAEE5 /* AppDelegate.swift */; };
		3D3C10F1291D112500EBAEE5 /* ViewController.swift in Sources */ = {isa = PBXBuildFile; fileRef = 3D3C10F0291D112500EBAEE5 /* ViewController.swift */; };
		3D3C10F3291D112500EBAEE5 /* Experience.rcproject in Sources */ = {isa = PBXBuildFile; fileRef = 3D3C10F2291D112500EBAEE5 /* Experience.rcproject */; };
		3D3C10F6291D112500EBAEE5 /* Main.storyboard in Resources */ = {isa = PBXBuildFile; fileRef = 3D3C10F4291D112500EBAEE5 /* Main.storyboard */; };
		3D3C10F8291D112600EBAEE5 /* Assets.xcassets in Resources */ = {isa = PBXBuildFile; fileRef = 3D3C10F7291D112600EBAEE5 /* Assets.xcassets */; };
		3D3C10FB291D112600EBAEE5 /* LaunchScreen.storyboard in Resources */ = {isa = PBXBuildFile; fileRef = 3D3C10F9291D112600EBAEE5 /* LaunchScreen.storyboard */; };
		3D976180292CCB2B002A6433 /* cow.wav in Resources */ = {isa = PBXBuildFile; fileRef = 3D97617F292CCB2B002A6433 /* cow.wav */; };
		3D976182292CCB2F002A6433 /* horse.wav in Resources */ = {isa = PBXBuildFile; fileRef = 3D976181292CCB2F002A6433 /* horse.wav */; };
		3D976184292CCB34002A6433 /* herdsman.wav in Resources */ = {isa = PBXBuildFile; fileRef = 3D976183292CCB34002A6433 /* herdsman.wav */; };
		3D976186292CCB39002A6433 /* hip-hip-hurrah.wav in Resources */ = {isa = PBXBuildFile; fileRef = 3D976185292CCB39002A6433 /* hip-hip-hurrah.wav */; };
		3D976188292CCB3E002A6433 /* james-abercromby-of-tullibody-esq.wav in Resources */ = {isa = PBXBuildFile; fileRef = 3D976187292CCB3E002A6433 /* james-abercromby-of-tullibody-esq.wav */; };
		3D97618A292CCB43002A6433 /* paris.wav in Resources */ = {isa = PBXBuildFile; fileRef = 3D976189292CCB43002A6433 /* paris.wav */; };
		3D97618C292CCB51002A6433 /* tennis.wav in Resources */ = {isa = PBXBuildFile; fileRef = 3D97618B292CCB51002A6433 /* tennis.wav */; };
/* End PBXBuildFile section */

/* Begin PBXFileReference section */
		3D3C10EB291D112500EBAEE5 /* SensiLab.app */ = {isa = PBXFileReference; explicitFileType = wrapper.application; includeInIndex = 0; path = SensiLab.app; sourceTree = BUILT_PRODUCTS_DIR; };
		3D3C10EE291D112500EBAEE5 /* AppDelegate.swift */ = {isa = PBXFileReference; lastKnownFileType = sourcecode.swift; path = AppDelegate.swift; sourceTree = "<group>"; };
		3D3C10F0291D112500EBAEE5 /* ViewController.swift */ = {isa = PBXFileReference; lastKnownFileType = sourcecode.swift; path = ViewController.swift; sourceTree = "<group>"; };
		3D3C10F2291D112500EBAEE5 /* Experience.rcproject */ = {isa = PBXFileReference; lastKnownFileType = file.rcproject; path = Experience.rcproject; sourceTree = "<group>"; };
		3D3C10F5291D112500EBAEE5 /* Base */ = {isa = PBXFileReference; lastKnownFileType = file.storyboard; name = Base; path = Base.lproj/Main.storyboard; sourceTree = "<group>"; };
		3D3C10F7291D112600EBAEE5 /* Assets.xcassets */ = {isa = PBXFileReference; lastKnownFileType = folder.assetcatalog; path = Assets.xcassets; sourceTree = "<group>"; };
		3D3C10FA291D112600EBAEE5 /* Base */ = {isa = PBXFileReference; lastKnownFileType = file.storyboard; name = Base; path = Base.lproj/LaunchScreen.storyboard; sourceTree = "<group>"; };
		3D97617F292CCB2B002A6433 /* cow.wav */ = {isa = PBXFileReference; lastKnownFileType = audio.wav; path = cow.wav; sourceTree = "<group>"; };
		3D976181292CCB2F002A6433 /* horse.wav */ = {isa = PBXFileReference; lastKnownFileType = audio.wav; path = horse.wav; sourceTree = "<group>"; };
		3D976183292CCB34002A6433 /* herdsman.wav */ = {isa = PBXFileReference; lastKnownFileType = audio.wav; path = herdsman.wav; sourceTree = "<group>"; };
		3D976185292CCB39002A6433 /* hip-hip-hurrah.wav */ = {isa = PBXFileReference; lastKnownFileType = audio.wav; path = "hip-hip-hurrah.wav"; sourceTree = "<group>"; };
		3D976187292CCB3E002A6433 /* james-abercromby-of-tullibody-esq.wav */ = {isa = PBXFileReference; lastKnownFileType = audio.wav; path = "james-abercromby-of-tullibody-esq.wav"; sourceTree = "<group>"; };
		3D976189292CCB43002A6433 /* paris.wav */ = {isa = PBXFileReference; lastKnownFileType = audio.wav; path = paris.wav; sourceTree = "<group>"; };
		3D97618B292CCB51002A6433 /* tennis.wav */ = {isa = PBXFileReference; lastKnownFileType = audio.wav; path = tennis.wav; sourceTree = "<group>"; };
/* End PBXFileReference section */

/* Begin PBXFrameworksBuildPhase section */
		3D3C10E8291D112500EBAEE5 /* Frameworks */ = {
			isa = PBXFrameworksBuildPhase;
			buildActionMask = 2147483647;
			files = (
			);
			runOnlyForDeploymentPostprocessing = 0;
		};
/* End PBXFrameworksBuildPhase section */

/* Begin PBXGroup section */
		3D3C10E2291D112500EBAEE5 = {
			isa = PBXGroup;
			children = (
				3D3C10ED291D112500EBAEE5 /* SensiLab */,
				3D3C10EC291D112500EBAEE5 /* Products */,
			);
			sourceTree = "<group>";
		};
		3D3C10EC291D112500EBAEE5 /* Products */ = {
			isa = PBXGroup;
			children = (
				3D3C10EB291D112500EBAEE5 /* SensiLab.app */,
			);
			name = Products;
			sourceTree = "<group>";
		};
		3D3C10ED291D112500EBAEE5 /* SensiLab */ = {
			isa = PBXGroup;
			children = (
				3D97617F292CCB2B002A6433 /* cow.wav */,
				3D976181292CCB2F002A6433 /* horse.wav */,
				3D976183292CCB34002A6433 /* herdsman.wav */,
				3D976185292CCB39002A6433 /* hip-hip-hurrah.wav */,
				3D976187292CCB3E002A6433 /* james-abercromby-of-tullibody-esq.wav */,
				3D976189292CCB43002A6433 /* paris.wav */,
				3D97618B292CCB51002A6433 /* tennis.wav */,
				3D3C10EE291D112500EBAEE5 /* AppDelegate.swift */,
				3D3C10F0291D112500EBAEE5 /* ViewController.swift */,
				3D3C10F2291D112500EBAEE5 /* Experience.rcproject */,
				3D3C10F4291D112500EBAEE5 /* Main.storyboard */,
				3D3C10F7291D112600EBAEE5 /* Assets.xcassets */,
				3D3C10F9291D112600EBAEE5 /* LaunchScreen.storyboard */,
			);
			path = SensiLab;
			sourceTree = "<group>";
		};
/* End PBXGroup section */

/* Begin PBXNativeTarget section */
		3D3C10EA291D112500EBAEE5 /* SensiLab */ = {
			isa = PBXNativeTarget;
			buildConfigurationList = 3D3C10FE291D112600EBAEE5 /* Build configuration list for PBXNativeTarget "SensiLab" */;
			buildPhases = (
				3D3C10E7291D112500EBAEE5 /* Sources */,
				3D3C10E8291D112500EBAEE5 /* Frameworks */,
				3D3C10E9291D112500EBAEE5 /* Resources */,
			);
			buildRules = (
			);
			dependencies = (
			);
			name = SensiLab;
			productName = SensiLab;
			productReference = 3D3C10EB291D112500EBAEE5 /* SensiLab.app */;
			productType = "com.apple.product-type.application";
		};
/* End PBXNativeTarget section */

/* Begin PBXProject section */
		3D3C10E3291D112500EBAEE5 /* Project object */ = {
			isa = PBXProject;
			attributes = {
				BuildIndependentTargetsInParallel = 1;
				LastSwiftUpdateCheck = 1410;
				LastUpgradeCheck = 1410;
				TargetAttributes = {
					3D3C10EA291D112500EBAEE5 = {
						CreatedOnToolsVersion = 14.1;
					};
				};
			};
			buildConfigurationList = 3D3C10E6291D112500EBAEE5 /* Build configuration list for PBXProject "SensiLab" */;
			compatibilityVersion = "Xcode 14.0";
			developmentRegion = en;
			hasScannedForEncodings = 0;
			knownRegions = (
				en,
				Base,
			);
			mainGroup = 3D3C10E2291D112500EBAEE5;
			productRefGroup = 3D3C10EC291D112500EBAEE5 /* Products */;
			projectDirPath = "";
			projectRoot = "";
			targets = (
				3D3C10EA291D112500EBAEE5 /* SensiLab */,
			);
		};
/* End PBXProject section */

/* Begin PBXResourcesBuildPhase section */
		3D3C10E9291D112500EBAEE5 /* Resources */ = {
			isa = PBXResourcesBuildPhase;
			buildActionMask = 2147483647;
			files = (
				3D3C10FB291D112600EBAEE5 /* LaunchScreen.storyboard in Resources */,
				3D97618A292CCB43002A6433 /* paris.wav in Resources */,
				3D976188292CCB3E002A6433 /* james-abercromby-of-tullibody-esq.wav in Resources */,
				3D976180292CCB2B002A6433 /* cow.wav in Resources */,
				3D976186292CCB39002A6433 /* hip-hip-hurrah.wav in Resources */,
				3D3C10F8291D112600EBAEE5 /* Assets.xcassets in Resources */,
				3D97618C292CCB51002A6433 /* tennis.wav in Resources */,
				3D976182292CCB2F002A6433 /* horse.wav in Resources */,
				3D976184292CCB34002A6433 /* herdsman.wav in Resources */,
				3D3C10F6291D112500EBAEE5 /* Main.storyboard in Resources */,
			);
			runOnlyForDeploymentPostprocessing = 0;
		};
/* End PBXResourcesBuildPhase section */

/* Begin PBXSourcesBuildPhase section */
		3D3C10E7291D112500EBAEE5 /* Sources */ = {
			isa = PBXSourcesBuildPhase;
			buildActionMask = 2147483647;
			files = (
				3D3C10F1291D112500EBAEE5 /* ViewController.swift in Sources */,
				3D3C10EF291D112500EBAEE5 /* AppDelegate.swift in Sources */,
				3D3C10F3291D112500EBAEE5 /* Experience.rcproject in Sources */,
			);
			runOnlyForDeploymentPostprocessing = 0;
		};
/* End PBXSourcesBuildPhase section */

/* Begin PBXVariantGroup section */
		3D3C10F4291D112500EBAEE5 /* Main.storyboard */ = {
			isa = PBXVariantGroup;
			children = (
				3D3C10F5291D112500EBAEE5 /* Base */,
			);
			name = Main.storyboard;
			sourceTree = "<group>";
		};
		3D3C10F9291D112600EBAEE5 /* LaunchScreen.storyboard */ = {
			isa = PBXVariantGroup;
			children = (
				3D3C10FA291D112600EBAEE5 /* Base */,
			);
			name = LaunchScreen.storyboard;
			sourceTree = "<group>";
		};
/* End PBXVariantGroup section */

/* Begin XCBuildConfiguration section */
		3D3C10FC291D112600EBAEE5 /* Debug */ = {
			isa = XCBuildConfiguration;
			buildSettings = {
				ALWAYS_SEARCH_USER_PATHS = NO;
				CLANG_ANALYZER_NONNULL = YES;
				CLANG_ANALYZER_NUMBER_OBJECT_CONVERSION = YES_AGGRESSIVE;
				CLANG_CXX_LANGUAGE_STANDARD = "gnu++20";
				CLANG_ENABLE_MODULES = YES;
				CLANG_ENABLE_OBJC_ARC = YES;
				CLANG_ENABLE_OBJC_WEAK = YES;
				CLANG_WARN_BLOCK_CAPTURE_AUTORELEASING = YES;
				CLANG_WARN_BOOL_CONVERSION = YES;
				CLANG_WARN_COMMA = YES;
				CLANG_WARN_CONSTANT_CONVERSION = YES;
				CLANG_WARN_DEPRECATED_OBJC_IMPLEMENTATIONS = YES;
				CLANG_WARN_DIRECT_OBJC_ISA_USAGE = YES_ERROR;
				CLANG_WARN_DOCUMENTATION_COMMENTS = YES;
				CLANG_WARN_EMPTY_BODY = YES;
				CLANG_WARN_ENUM_CONVERSION = YES;
				CLANG_WARN_INFINITE_RECURSION = YES;
				CLANG_WARN_INT_CONVERSION = YES;
				CLANG_WARN_NON_LITERAL_NULL_CONVERSION = YES;
				CLANG_WARN_OBJC_IMPLICIT_RETAIN_SELF = YES;
				CLANG_WARN_OBJC_LITERAL_CONVERSION = YES;
				CLANG_WARN_OBJC_ROOT_CLASS = YES_ERROR;
				CLANG_WARN_QUOTED_INCLUDE_IN_FRAMEWORK_HEADER = YES;
				CLANG_WARN_RANGE_LOOP_ANALYSIS = YES;
				CLANG_WARN_STRICT_PROTOTYPES = YES;
				CLANG_WARN_SUSPICIOUS_MOVE = YES;
				CLANG_WARN_UNGUARDED_AVAILABILITY = YES_AGGRESSIVE;
				CLANG_WARN_UNREACHABLE_CODE = YES;
				CLANG_WARN__DUPLICATE_METHOD_MATCH = YES;
				COPY_PHASE_STRIP = NO;
				DEBUG_INFORMATION_FORMAT = dwarf;
				ENABLE_STRICT_OBJC_MSGSEND = YES;
				ENABLE_TESTABILITY = YES;
				GCC_C_LANGUAGE_STANDARD = gnu11;
				GCC_DYNAMIC_NO_PIC = NO;
				GCC_NO_COMMON_BLOCKS = YES;
				GCC_OPTIMIZATION_LEVEL = 0;
				GCC_PREPROCESSOR_DEFINITIONS = (
					"DEBUG=1",
					"$(inherited)",
				);
				GCC_WARN_64_TO_32_BIT_CONVERSION = YES;
				GCC_WARN_ABOUT_RETURN_TYPE = YES_ERROR;
				GCC_WARN_UNDECLARED_SELECTOR = YES;
				GCC_WARN_UNINITIALIZED_AUTOS = YES_AGGRESSIVE;
				GCC_WARN_UNUSED_FUNCTION = YES;
				GCC_WARN_UNUSED_VARIABLE = YES;
				IPHONEOS_DEPLOYMENT_TARGET = 16.1;
				MTL_ENABLE_DEBUG_INFO = INCLUDE_SOURCE;
				MTL_FAST_MATH = YES;
				ONLY_ACTIVE_ARCH = YES;
				SDKROOT = iphoneos;
				SWIFT_ACTIVE_COMPILATION_CONDITIONS = DEBUG;
				SWIFT_OPTIMIZATION_LEVEL = "-Onone";
			};
			name = Debug;
		};
		3D3C10FD291D112600EBAEE5 /* Release */ = {
			isa = XCBuildConfiguration;
			buildSettings = {
				ALWAYS_SEARCH_USER_PATHS = NO;
				CLANG_ANALYZER_NONNULL = YES;
				CLANG_ANALYZER_NUMBER_OBJECT_CONVERSION = YES_AGGRESSIVE;
				CLANG_CXX_LANGUAGE_STANDARD = "gnu++20";
				CLANG_ENABLE_MODULES = YES;
				CLANG_ENABLE_OBJC_ARC = YES;
				CLANG_ENABLE_OBJC_WEAK = YES;
				CLANG_WARN_BLOCK_CAPTURE_AUTORELEASING = YES;
				CLANG_WARN_BOOL_CONVERSION = YES;
				CLANG_WARN_COMMA = YES;
				CLANG_WARN_CONSTANT_CONVERSION = YES;
				CLANG_WARN_DEPRECATED_OBJC_IMPLEMENTATIONS = YES;
				CLANG_WARN_DIRECT_OBJC_ISA_USAGE = YES_ERROR;
				CLANG_WARN_DOCUMENTATION_COMMENTS = YES;
				CLANG_WARN_EMPTY_BODY = YES;
				CLANG_WARN_ENUM_CONVERSION = YES;
				CLANG_WARN_INFINITE_RECURSION = YES;
				CLANG_WARN_INT_CONVERSION = YES;
				CLANG_WARN_NON_LITERAL_NULL_CONVERSION = YES;
				CLANG_WARN_OBJC_IMPLICIT_RETAIN_SELF = YES;
				CLANG_WARN_OBJC_LITERAL_CONVERSION = YES;
				CLANG_WARN_OBJC_ROOT_CLASS = YES_ERROR;
				CLANG_WARN_QUOTED_INCLUDE_IN_FRAMEWORK_HEADER = YES;
				CLANG_WARN_RANGE_LOOP_ANALYSIS = YES;
				CLANG_WARN_STRICT_PROTOTYPES = YES;
				CLANG_WARN_SUSPICIOUS_MOVE = YES;
				CLANG_WARN_UNGUARDED_AVAILABILITY = YES_AGGRESSIVE;
				CLANG_WARN_UNREACHABLE_CODE = YES;
				CLANG_WARN__DUPLICATE_METHOD_MATCH = YES;
				COPY_PHASE_STRIP = NO;
				DEBUG_INFORMATION_FORMAT = "dwarf-with-dsym";
				ENABLE_NS_ASSERTIONS = NO;
				ENABLE_STRICT_OBJC_MSGSEND = YES;
				GCC_C_LANGUAGE_STANDARD = gnu11;
				GCC_NO_COMMON_BLOCKS = YES;
				GCC_WARN_64_TO_32_BIT_CONVERSION = YES;
				GCC_WARN_ABOUT_RETURN_TYPE = YES_ERROR;
				GCC_WARN_UNDECLARED_SELECTOR = YES;
				GCC_WARN_UNINITIALIZED_AUTOS = YES_AGGRESSIVE;
				GCC_WARN_UNUSED_FUNCTION = YES;
				GCC_WARN_UNUSED_VARIABLE = YES;
				IPHONEOS_DEPLOYMENT_TARGET = 16.1;
				MTL_ENABLE_DEBUG_INFO = NO;
				MTL_FAST_MATH = YES;
				SDKROOT = iphoneos;
				SWIFT_COMPILATION_MODE = wholemodule;
				SWIFT_OPTIMIZATION_LEVEL = "-O";
				VALIDATE_PRODUCT = YES;
			};
			name = Release;
		};
		3D3C10FF291D112600EBAEE5 /* Debug */ = {
			isa = XCBuildConfiguration;
			buildSettings = {
				ASSETCATALOG_COMPILER_APPICON_NAME = AppIcon;
				ASSETCATALOG_COMPILER_GLOBAL_ACCENT_COLOR_NAME = AccentColor;
				CODE_SIGN_STYLE = Automatic;
				CURRENT_PROJECT_VERSION = 1;
				DEVELOPMENT_TEAM = 8FCNH268N4;
				GENERATE_INFOPLIST_FILE = YES;
				INFOPLIST_KEY_NSCameraUsageDescription = "";
				INFOPLIST_KEY_UIApplicationSupportsIndirectInputEvents = YES;
				INFOPLIST_KEY_UILaunchStoryboardName = LaunchScreen;
				INFOPLIST_KEY_UIMainStoryboardFile = Main;
				INFOPLIST_KEY_UIRequiredDeviceCapabilities = arkit;
				INFOPLIST_KEY_UIStatusBarHidden = YES;
				INFOPLIST_KEY_UISupportedInterfaceOrientations_iPad = "UIInterfaceOrientationPortrait UIInterfaceOrientationPortraitUpsideDown UIInterfaceOrientationLandscapeLeft UIInterfaceOrientationLandscapeRight";
				INFOPLIST_KEY_UISupportedInterfaceOrientations_iPhone = "UIInterfaceOrientationPortrait UIInterfaceOrientationLandscapeLeft UIInterfaceOrientationLandscapeRight";
				IPHONEOS_DEPLOYMENT_TARGET = 16.1;
				LD_RUNPATH_SEARCH_PATHS = (
					"$(inherited)",
					"@executable_path/Frameworks",
				);
				MARKETING_VERSION = 1.0;
				PRODUCT_BUNDLE_IDENTIFIER = edu.monash.SensiLab;
				PRODUCT_NAME = "$(TARGET_NAME)";
				SWIFT_EMIT_LOC_STRINGS = YES;
				SWIFT_VERSION = 5.0;
				TARGETED_DEVICE_FAMILY = "1,2";
			};
			name = Debug;
		};
		3D3C1100291D112600EBAEE5 /* Release */ = {
			isa = XCBuildConfiguration;
			buildSettings = {
				ASSETCATALOG_COMPILER_APPICON_NAME = AppIcon;
				ASSETCATALOG_COMPILER_GLOBAL_ACCENT_COLOR_NAME = AccentColor;
				CODE_SIGN_STYLE = Automatic;
				CURRENT_PROJECT_VERSION = 1;
				DEVELOPMENT_TEAM = 8FCNH268N4;
				GENERATE_INFOPLIST_FILE = YES;
				INFOPLIST_KEY_NSCameraUsageDescription = "";
				INFOPLIST_KEY_UIApplicationSupportsIndirectInputEvents = YES;
				INFOPLIST_KEY_UILaunchStoryboardName = LaunchScreen;
				INFOPLIST_KEY_UIMainStoryboardFile = Main;
				INFOPLIST_KEY_UIRequiredDeviceCapabilities = arkit;
				INFOPLIST_KEY_UIStatusBarHidden = YES;
				INFOPLIST_KEY_UISupportedInterfaceOrientations_iPad = "UIInterfaceOrientationPortrait UIInterfaceOrientationPortraitUpsideDown UIInterfaceOrientationLandscapeLeft UIInterfaceOrientationLandscapeRight";
				INFOPLIST_KEY_UISupportedInterfaceOrientations_iPhone = "UIInterfaceOrientationPortrait UIInterfaceOrientationLandscapeLeft UIInterfaceOrientationLandscapeRight";
				IPHONEOS_DEPLOYMENT_TARGET = 16.1;
				LD_RUNPATH_SEARCH_PATHS = (
					"$(inherited)",
					"@executable_path/Frameworks",
				);
				MARKETING_VERSION = 1.0;
				PRODUCT_BUNDLE_IDENTIFIER = edu.monash.SensiLab;
				PRODUCT_NAME = "$(TARGET_NAME)";
				SWIFT_EMIT_LOC_STRINGS = YES;
				SWIFT_VERSION = 5.0;
				TARGETED_DEVICE_FAMILY = "1,2";
			};
			name = Release;
		};
/* End XCBuildConfiguration section */

/* Begin XCConfigurationList section */
		3D3C10E6291D112500EBAEE5 /* Build configuration list for PBXProject "SensiLab" */ = {
			isa = XCConfigurationList;
			buildConfigurations = (
				3D3C10FC291D112600EBAEE5 /* Debug */,
				3D3C10FD291D112600EBAEE5 /* Release */,
			);
			defaultConfigurationIsVisible = 0;
			defaultConfigurationName = Release;
		};
		3D3C10FE291D112600EBAEE5 /* Build configuration list for PBXNativeTarget "SensiLab" */ = {
			isa = XCConfigurationList;
			buildConfigurations = (
				3D3C10FF291D112600EBAEE5 /* Debug */,
				3D3C1100291D112600EBAEE5 /* Release */,
			);
			defaultConfigurationIsVisible = 0;
			defaultConfigurationName = Release;
		};
/* End XCConfigurationList section */
	};
	rootObject = 3D3C10E3291D112500EBAEE5 /* Project object */;
}
